
Microsoft Visual Studio Solution File, Format Version 12.00
# Visual Studio Version 17
VisualStudioVersion = 17.8.34511.84
MinimumVisualStudioVersion = 10.0.40219.1
Project("{9A19103F-16F7-4668-BE54-9A1E7A4F7556}") = "AiAssistant", "AiAssistant.csproj", "{3A98CCE0-EEB1-4174-8291-64A957BFB273}"
EndProject
Project("{2150E333-8FDC-42A3-9474-1A3956D46DE8}") = "Solution Items", "Solution Items", "{EEE85367-D366-49B1-93B2-2E4C31E9A955}"
	ProjectSection(SolutionItems) = preProject
		.editorconfig = .editorconfig
	EndProjectSection
EndProject
Global
	GlobalSection(SolutionConfigurationPlatforms) = preSolution
		Debug|Any CPU = Debug|Any CPU
		Release|Any CPU = Release|Any CPU
	EndGlobalSection
	GlobalSection(ProjectConfigurationPlatforms) = postSolution
		{3A98CCE0-EEB1-4174-8291-64A957BFB273}.Debug|Any CPU.ActiveCfg = Debug|Any CPU
		{3A98CCE0-EEB1-4174-8291-64A957BFB273}.Debug|Any CPU.Build.0 = Debug|Any CPU
		{3A98CCE0-EEB1-4174-8291-64A957BFB273}.Release|Any CPU.ActiveCfg = Release|Any CPU
		{3A98CCE0-EEB1-4174-8291-64A957BFB273}.Release|Any CPU.Build.0 = Release|Any CPU
	EndGlobalSection
	GlobalSection(SolutionProperties) = preSolution
		HideSolutionNode = FALSE
	EndGlobalSection
	GlobalSection(ExtensibilityGlobals) = postSolution
		SolutionGuid = {D9D79FA5-5082-45D6-B5E1-5E3A57A0E4C0}
	EndGlobalSection
EndGlobal
